
Microsoft Visual Studio Solution File, Format Version 12.00
# Visual Studio 15
VisualStudioVersion = 15.0.28307.106
MinimumVisualStudioVersion = 10.0.40219.1
Project("{FAE04EC0-301F-11D3-BF4B-00C04F79EFBC}") = "MvcCore", "MvcCore\MvcCore.csproj", "{FB6A252A-3398-445B-9E34-AB6D0735E952}"
EndProject
Global
	GlobalSection(SolutionConfigurationPlatforms) = preSolution
		Debug|Any CPU = Debug|Any CPU
		Release|Any CPU = Release|Any CPU
	EndGlobalSection
	GlobalSection(ProjectConfigurationPlatforms) = postSolution
		{FB6A252A-3398-445B-9E34-AB6D0735E952}.Debug|Any CPU.ActiveCfg = Debug|Any CPU
		{FB6A252A-3398-445B-9E34-AB6D0735E952}.Debug|Any CPU.Build.0 = Debug|Any CPU
		{FB6A252A-3398-445B-9E34-AB6D0735E952}.Release|Any CPU.ActiveCfg = Release|Any CPU
		{FB6A252A-3398-445B-9E34-AB6D0735E952}.Release|Any CPU.Build.0 = Release|Any CPU
	EndGlobalSection
	GlobalSection(SolutionProperties) = preSolution
		HideSolutionNode = FALSE
	EndGlobalSection
	GlobalSection(ExtensibilityGlobals) = postSolution
		SolutionGuid = {CC41184E-789C-46C6-9BE3-82882C476561}
	EndGlobalSection
EndGlobal
